
Microsoft Visual Studio Solution File, Format Version 12.00
# Visual Studio 15
VisualStudioVersion = 15.0.27428.2011
MinimumVisualStudioVersion = 10.0.40219.1
Project("{FAE04EC0-301F-11D3-BF4B-00C04F79EFBC}") = "WindowsFormsApp3", "WindowsFormsApp3\WindowsFormsApp3.csproj", "{BFD69500-3E46-4BD7-9112-58364B6FDDA3}"
EndProject
Global
	GlobalSection(SolutionConfigurationPlatforms) = preSolution
		Debug|Any CPU = Debug|Any CPU
		Release|Any CPU = Release|Any CPU
	EndGlobalSection
	GlobalSection(ProjectConfigurationPlatforms) = postSolution
		{BFD69500-3E46-4BD7-9112-58364B6FDDA3}.Debug|Any CPU.ActiveCfg = Debug|Any CPU
		{BFD69500-3E46-4BD7-9112-58364B6FDDA3}.Debug|Any CPU.Build.0 = Debug|Any CPU
		{BFD69500-3E46-4BD7-9112-58364B6FDDA3}.Release|Any CPU.ActiveCfg = Release|Any CPU
		{BFD69500-3E46-4BD7-9112-58364B6FDDA3}.Release|Any CPU.Build.0 = Release|Any CPU
	EndGlobalSection
	GlobalSection(SolutionProperties) = preSolution
		HideSolutionNode = FALSE
	EndGlobalSection
	GlobalSection(ExtensibilityGlobals) = postSolution
		SolutionGuid = {1F29E782-1C0C-4724-A875-91FAFB449AAF}
	EndGlobalSection
EndGlobal
